
Microsoft Visual Studio Solution File, Format Version 12.00
# Visual Studio 15
VisualStudioVersion = 15.0.26730.12
MinimumVisualStudioVersion = 10.0.40219.1
Project("{FAE04EC0-301F-11D3-BF4B-00C04F79EFBC}") = "AdventApp", "AdventApp\AdventApp.csproj", "{A04D0C75-21AF-4586-AB31-F9B6C5A4BE78}"
EndProject
Project("{FAE04EC0-301F-11D3-BF4B-00C04F79EFBC}") = "AdventTest", "AdventTest\AdventTest.csproj", "{82F234F4-C341-49AB-945A-7F30D99E65F3}"
EndProject
Global
	GlobalSection(SolutionConfigurationPlatforms) = preSolution
		Debug|Any CPU = Debug|Any CPU
		Release|Any CPU = Release|Any CPU
	EndGlobalSection
	GlobalSection(ProjectConfigurationPlatforms) = postSolution
		{A04D0C75-21AF-4586-AB31-F9B6C5A4BE78}.Debug|Any CPU.ActiveCfg = Debug|Any CPU
		{A04D0C75-21AF-4586-AB31-F9B6C5A4BE78}.Debug|Any CPU.Build.0 = Debug|Any CPU
		{A04D0C75-21AF-4586-AB31-F9B6C5A4BE78}.Release|Any CPU.ActiveCfg = Release|Any CPU
		{A04D0C75-21AF-4586-AB31-F9B6C5A4BE78}.Release|Any CPU.Build.0 = Release|Any CPU
		{82F234F4-C341-49AB-945A-7F30D99E65F3}.Debug|Any CPU.ActiveCfg = Debug|Any CPU
		{82F234F4-C341-49AB-945A-7F30D99E65F3}.Debug|Any CPU.Build.0 = Debug|Any CPU
		{82F234F4-C341-49AB-945A-7F30D99E65F3}.Release|Any CPU.ActiveCfg = Release|Any CPU
		{82F234F4-C341-49AB-945A-7F30D99E65F3}.Release|Any CPU.Build.0 = Release|Any CPU
	EndGlobalSection
	GlobalSection(SolutionProperties) = preSolution
		HideSolutionNode = FALSE
	EndGlobalSection
	GlobalSection(ExtensibilityGlobals) = postSolution
		SolutionGuid = {F2387882-942B-4AD8-B8B5-FD29132616F0}
	EndGlobalSection
EndGlobal
